Microsoft Visual Studio Solution File, Format Version 12.00
Project("{47D094F5-825F-4C44-B04C-CDAA349856D8}") = "AtfTIDE", "..\packages\AtfTIDE\Files\AtfTIDE.csproj", "{812AC9CE-7B88-4BC7-854B-A72D03DC0A69}"
EndProject
Global
	GlobalSection(SolutionConfigurationPlatforms) = preSolution
		Debug|Any CPU = Debug|Any CPU
		Release|Any CPU = Release|Any CPU
	EndGlobalSection
	GlobalSection(ProjectConfigurationPlatforms) = postSolution
			{812ac9ce-7b88-4bc7-854b-a72d03dc0a69}.Debug|Any CPU.ActiveCfg = Debug|Any CPU
			{812ac9ce-7b88-4bc7-854b-a72d03dc0a69}.Debug|Any CPU.Build.0 = Debug|Any CPU
			{812ac9ce-7b88-4bc7-854b-a72d03dc0a69}.Release|Any CPU.ActiveCfg = Release|Any CPU
			{812ac9ce-7b88-4bc7-854b-a72d03dc0a69}.Release|Any CPU.Build.0 = Release|Any CPU
	EndGlobalSection
EndGlobal
