
Microsoft Visual Studio Solution File, Format Version 12.00
# Visual Studio Version 17
VisualStudioVersion = 17.0.31903.59
MinimumVisualStudioVersion = 10.0.40219.1
Project("{FAE04EC0-301F-11D3-BF4B-00C04F79EFBC}") = "AtfTIDE.Tests", "AtfTIDE\AtfTIDE.Tests.csproj", "{099F1E25-291B-4DA5-9341-E5BA95CCECF5}"
EndProject
Project("{FAE04EC0-301F-11D3-BF4B-00C04F79EFBC}") = "AtfTIDE", "..\packages\AtfTIDE\Files\AtfTIDE.csproj", "{7DB46196-EACE-4CB5-B970-26CA93CDB497}"
EndProject
Project("{FAE04EC0-301F-11D3-BF4B-00C04F79EFBC}") = "GitAbstraction", "..\ConsoleGit\GitAbstraction\GitAbstraction.csproj", "{5BAB2BBF-E81E-4E32-8ED3-5C00EFA0A1A0}"
EndProject
Project("{FAE04EC0-301F-11D3-BF4B-00C04F79EFBC}") = "ConsoleGit", "..\ConsoleGit\ConsoleGit\ConsoleGit.csproj", "{E4DF8E7A-3BEC-46EC-90EA-D3D7F5357CFB}"
EndProject
Project("{FAE04EC0-301F-11D3-BF4B-00C04F79EFBC}") = "ConsoleApp1", "ConsoleApp1\ConsoleApp1.csproj", "{0E961F6E-626A-4C69-A1E4-7A35E9E09F02}"
EndProject
Global
	GlobalSection(SolutionConfigurationPlatforms) = preSolution
		Debug|Any CPU = Debug|Any CPU
		Release|Any CPU = Release|Any CPU
	EndGlobalSection
	GlobalSection(SolutionProperties) = preSolution
		HideSolutionNode = FALSE
	EndGlobalSection
	GlobalSection(ProjectConfigurationPlatforms) = postSolution
		{099F1E25-291B-4DA5-9341-E5BA95CCECF5}.Debug|Any CPU.ActiveCfg = Debug|Any CPU
		{099F1E25-291B-4DA5-9341-E5BA95CCECF5}.Debug|Any CPU.Build.0 = Debug|Any CPU
		{099F1E25-291B-4DA5-9341-E5BA95CCECF5}.Release|Any CPU.ActiveCfg = Release|Any CPU
		{099F1E25-291B-4DA5-9341-E5BA95CCECF5}.Release|Any CPU.Build.0 = Release|Any CPU
		{7DB46196-EACE-4CB5-B970-26CA93CDB497}.Debug|Any CPU.ActiveCfg = Debug|Any CPU
		{7DB46196-EACE-4CB5-B970-26CA93CDB497}.Debug|Any CPU.Build.0 = Debug|Any CPU
		{7DB46196-EACE-4CB5-B970-26CA93CDB497}.Release|Any CPU.ActiveCfg = Release|Any CPU
		{7DB46196-EACE-4CB5-B970-26CA93CDB497}.Release|Any CPU.Build.0 = Release|Any CPU
		{5BAB2BBF-E81E-4E32-8ED3-5C00EFA0A1A0}.Debug|Any CPU.ActiveCfg = Debug|Any CPU
		{5BAB2BBF-E81E-4E32-8ED3-5C00EFA0A1A0}.Release|Any CPU.ActiveCfg = Release|Any CPU
		{5BAB2BBF-E81E-4E32-8ED3-5C00EFA0A1A0}.Release|Any CPU.Build.0 = Release|Any CPU
		{E4DF8E7A-3BEC-46EC-90EA-D3D7F5357CFB}.Debug|Any CPU.ActiveCfg = Debug|Any CPU
		{E4DF8E7A-3BEC-46EC-90EA-D3D7F5357CFB}.Release|Any CPU.ActiveCfg = Release|Any CPU
		{E4DF8E7A-3BEC-46EC-90EA-D3D7F5357CFB}.Release|Any CPU.Build.0 = Release|Any CPU
		{0E961F6E-626A-4C69-A1E4-7A35E9E09F02}.Debug|Any CPU.ActiveCfg = Debug|Any CPU
		{0E961F6E-626A-4C69-A1E4-7A35E9E09F02}.Debug|Any CPU.Build.0 = Debug|Any CPU
		{0E961F6E-626A-4C69-A1E4-7A35E9E09F02}.Release|Any CPU.ActiveCfg = Release|Any CPU
		{0E961F6E-626A-4C69-A1E4-7A35E9E09F02}.Release|Any CPU.Build.0 = Release|Any CPU
	EndGlobalSection
EndGlobal
